{
  "nodes": {
    "nixpkgs": {
      "locked": {
        "lastModified": 1748486147,
        "narHash": "sha256-UEfeJv7U4egsyY7xP4Hd/Zq4ooj+cHnWXc91/6Krgls=",
        "owner": "NixOS",
        "repo": "nixpkgs",
        "rev": "4a065b44a085ebba6ddc07489b45fb45c8e142c6",
        "type": "github"
      },
      "original": {
        "owner": "NixOS",
        "repo": "nixpkgs",
        "type": "github"
      }
    },
    "quartz-src": {
      "flake": false,
      "locked": {
        "lastModified": 1748475385,
        "narHash": "sha256-jsfS4s+ixTddgx595FsugRo/biiLLnpk7VX3hD/eDn4=",
        "owner": "jackyzha0",
        "repo": "quartz",
        "rev": "096ef220dc469ca81a5514d48bb8b8d48284990c",
        "type": "github"
      },
      "original": {
        "owner": "jackyzha0",
        "repo": "quartz",
        "type": "github"
      }
    },
    "root": {
      "inputs": {
        "nixpkgs": "nixpkgs",
        "quartz-src": "quartz-src"
      }
    }
  },
  "root": "root",
  "version": 7
}
